
Microsoft Visual Studio Solution File, Format Version 12.00
# Visual Studio Version 17
VisualStudioVersion = 17.9.34607.119
MinimumVisualStudioVersion = 10.0.40219.1
Project("{FAE04EC0-301F-11D3-BF4B-00C04F79EFBC}") = "MyCoreApp", "MyCoreApp\MyCoreApp.csproj", "{3B9DE985-5E3F-4D84-97E5-258F2E7D7722}"
EndProject
Global
	GlobalSection(SolutionConfigurationPlatforms) = preSolution
		Debug|Any CPU = Debug|Any CPU
		Release|Any CPU = Release|Any CPU
	EndGlobalSection
	GlobalSection(ProjectConfigurationPlatforms) = postSolution
		{3B9DE985-5E3F-4D84-97E5-258F2E7D7722}.Debug|Any CPU.ActiveCfg = Debug|Any CPU
		{3B9DE985-5E3F-4D84-97E5-258F2E7D7722}.Debug|Any CPU.Build.0 = Debug|Any CPU
		{3B9DE985-5E3F-4D84-97E5-258F2E7D7722}.Release|Any CPU.ActiveCfg = Release|Any CPU
		{3B9DE985-5E3F-4D84-97E5-258F2E7D7722}.Release|Any CPU.Build.0 = Release|Any CPU
	EndGlobalSection
	GlobalSection(SolutionProperties) = preSolution
		HideSolutionNode = FALSE
	EndGlobalSection
	GlobalSection(ExtensibilityGlobals) = postSolution
		SolutionGuid = {14CF8AE7-194A-4554-B37F-C56D741C8C53}
	EndGlobalSection
EndGlobal
